
Microsoft Visual Studio Solution File, Format Version 12.00
# Visual Studio Version 17
VisualStudioVersion = 17.0.32112.339
MinimumVisualStudioVersion = 10.0.40219.1
Project("{FAE04EC0-301F-11D3-BF4B-00C04F79EFBC}") = "Task1", "Task1\Task1.csproj", "{A9560045-3DDC-45E0-A6F2-184D5975AF73}"
EndProject
Project("{FAE04EC0-301F-11D3-BF4B-00C04F79EFBC}") = "Task2", "Task2\Task2.csproj", "{C453ACC0-AC9E-4790-B13F-75343175BA9E}"
EndProject
Global
	GlobalSection(SolutionConfigurationPlatforms) = preSolution
		Debug|Any CPU = Debug|Any CPU
		Release|Any CPU = Release|Any CPU
	EndGlobalSection
	GlobalSection(ProjectConfigurationPlatforms) = postSolution
		{A9560045-3DDC-45E0-A6F2-184D5975AF73}.Debug|Any CPU.ActiveCfg = Debug|Any CPU
		{A9560045-3DDC-45E0-A6F2-184D5975AF73}.Debug|Any CPU.Build.0 = Debug|Any CPU
		{A9560045-3DDC-45E0-A6F2-184D5975AF73}.Release|Any CPU.ActiveCfg = Release|Any CPU
		{A9560045-3DDC-45E0-A6F2-184D5975AF73}.Release|Any CPU.Build.0 = Release|Any CPU
		{C453ACC0-AC9E-4790-B13F-75343175BA9E}.Debug|Any CPU.ActiveCfg = Debug|Any CPU
		{C453ACC0-AC9E-4790-B13F-75343175BA9E}.Debug|Any CPU.Build.0 = Debug|Any CPU
		{C453ACC0-AC9E-4790-B13F-75343175BA9E}.Release|Any CPU.ActiveCfg = Release|Any CPU
		{C453ACC0-AC9E-4790-B13F-75343175BA9E}.Release|Any CPU.Build.0 = Release|Any CPU
	EndGlobalSection
	GlobalSection(SolutionProperties) = preSolution
		HideSolutionNode = FALSE
	EndGlobalSection
	GlobalSection(ExtensibilityGlobals) = postSolution
		SolutionGuid = {ED4D229D-4AF2-4A78-8CE1-360369B00D8B}
	EndGlobalSection
EndGlobal
